PODS:
  - GuruKit (0.0.7)

DEPENDENCIES:
  - GuruKit (from `https://github.com/gurusdk/GuruKit.git`)

EXTERNAL SOURCES:
  GuruKit:
    :git: https://github.com/gurusdk/GuruKit.git

CHECKOUT OPTIONS:
  GuruKit:
    :commit: 7b62aa7d9acc8e477daaa30da5278f2eb7533f2b
    :git: https://github.com/gurusdk/GuruKit.git

SPEC CHECKSUMS:
  GuruKit: 6bb15d1ee36a09933047aa819ff41febdd03e11e

PODFILE CHECKSUM: 0aea08276d3db3c28dd8e5d1804f8bfd399a96eb

COCOAPODS: 1.16.2
